
Microsoft Visual Studio Solution File, Format Version 12.00
# Visual Studio 2015
Project("{FAE04EC0-301F-11D3-BF4B-00C04F79EFBC}") = "170608 War Of Toy.Plugins", "170608 War Of Toy.Plugins.csproj", "{0491169D-4967-D742-19DF-FAF00CA0CCC0}"
EndProject
Project("{FAE04EC0-301F-11D3-BF4B-00C04F79EFBC}") = "170608 War Of Toy", "170608 War Of Toy.csproj", "{266A20EF-9E7D-56D0-052A-FA197DB92AC0}"
EndProject
Project("{FAE04EC0-301F-11D3-BF4B-00C04F79EFBC}") = "170608 War Of Toy.Editor.Plugins", "170608 War Of Toy.Editor.Plugins.csproj", "{7F983F93-E3B1-FA52-3C3D-6B3591AC6E90}"
EndProject
Project("{FAE04EC0-301F-11D3-BF4B-00C04F79EFBC}") = "170608 War Of Toy.Editor", "170608 War Of Toy.Editor.csproj", "{A84E3084-0E72-FAF4-DD35-5F661DFF655F}"
EndProject
Global
	GlobalSection(SolutionConfigurationPlatforms) = preSolution
		Debug|Any CPU = Debug|Any CPU
		Release|Any CPU = Release|Any CPU
	EndGlobalSection
	GlobalSection(ProjectConfigurationPlatforms) = postSolution
		{0491169D-4967-D742-19DF-FAF00CA0CCC0}.Debug|Any CPU.ActiveCfg = Debug|Any CPU
		{0491169D-4967-D742-19DF-FAF00CA0CCC0}.Debug|Any CPU.Build.0 = Debug|Any CPU
		{0491169D-4967-D742-19DF-FAF00CA0CCC0}.Release|Any CPU.ActiveCfg = Release|Any CPU
		{0491169D-4967-D742-19DF-FAF00CA0CCC0}.Release|Any CPU.Build.0 = Release|Any CPU
		{266A20EF-9E7D-56D0-052A-FA197DB92AC0}.Debug|Any CPU.ActiveCfg = Debug|Any CPU
		{266A20EF-9E7D-56D0-052A-FA197DB92AC0}.Debug|Any CPU.Build.0 = Debug|Any CPU
		{266A20EF-9E7D-56D0-052A-FA197DB92AC0}.Release|Any CPU.ActiveCfg = Release|Any CPU
		{266A20EF-9E7D-56D0-052A-FA197DB92AC0}.Release|Any CPU.Build.0 = Release|Any CPU
		{7F983F93-E3B1-FA52-3C3D-6B3591AC6E90}.Debug|Any CPU.ActiveCfg = Debug|Any CPU
		{7F983F93-E3B1-FA52-3C3D-6B3591AC6E90}.Debug|Any CPU.Build.0 = Debug|Any CPU
		{7F983F93-E3B1-FA52-3C3D-6B3591AC6E90}.Release|Any CPU.ActiveCfg = Release|Any CPU
		{7F983F93-E3B1-FA52-3C3D-6B3591AC6E90}.Release|Any CPU.Build.0 = Release|Any CPU
		{A84E3084-0E72-FAF4-DD35-5F661DFF655F}.Debug|Any CPU.ActiveCfg = Debug|Any CPU
		{A84E3084-0E72-FAF4-DD35-5F661DFF655F}.Debug|Any CPU.Build.0 = Debug|Any CPU
		{A84E3084-0E72-FAF4-DD35-5F661DFF655F}.Release|Any CPU.ActiveCfg = Release|Any CPU
		{A84E3084-0E72-FAF4-DD35-5F661DFF655F}.Release|Any CPU.Build.0 = Release|Any CPU
	EndGlobalSection
	GlobalSection(SolutionProperties) = preSolution
		HideSolutionNode = FALSE
	EndGlobalSection
EndGlobal
