
Microsoft Visual Studio Solution File, Format Version 12.00
# Visual Studio 2015
Project("{FAE04EC0-301F-11D3-BF4B-00C04F79EFBC}") = "War Of Toyzz.Plugins", "War Of Toyzz.Plugins.csproj", "{6039DBC1-5731-30C9-6E1D-BD321C8B246B}"
EndProject
Project("{FAE04EC0-301F-11D3-BF4B-00C04F79EFBC}") = "War Of Toyzz", "War Of Toyzz.csproj", "{4535B701-91AE-703B-2795-82903D3ED035}"
EndProject
Project("{FAE04EC0-301F-11D3-BF4B-00C04F79EFBC}") = "War Of Toyzz.Editor.Plugins", "War Of Toyzz.Editor.Plugins.csproj", "{A40CC5B3-E951-4215-55A4-404B77C482D2}"
EndProject
Project("{FAE04EC0-301F-11D3-BF4B-00C04F79EFBC}") = "War Of Toyzz.Editor", "War Of Toyzz.Editor.csproj", "{366740CA-C9AA-9320-E1EF-D8A4259DBC06}"
EndProject
Global
	GlobalSection(SolutionConfigurationPlatforms) = preSolution
		Debug|Any CPU = Debug|Any CPU
		Release|Any CPU = Release|Any CPU
	EndGlobalSection
	GlobalSection(ProjectConfigurationPlatforms) = postSolution
		{6039DBC1-5731-30C9-6E1D-BD321C8B246B}.Debug|Any CPU.ActiveCfg = Debug|Any CPU
		{6039DBC1-5731-30C9-6E1D-BD321C8B246B}.Debug|Any CPU.Build.0 = Debug|Any CPU
		{6039DBC1-5731-30C9-6E1D-BD321C8B246B}.Release|Any CPU.ActiveCfg = Release|Any CPU
		{6039DBC1-5731-30C9-6E1D-BD321C8B246B}.Release|Any CPU.Build.0 = Release|Any CPU
		{4535B701-91AE-703B-2795-82903D3ED035}.Debug|Any CPU.ActiveCfg = Debug|Any CPU
		{4535B701-91AE-703B-2795-82903D3ED035}.Debug|Any CPU.Build.0 = Debug|Any CPU
		{4535B701-91AE-703B-2795-82903D3ED035}.Release|Any CPU.ActiveCfg = Release|Any CPU
		{4535B701-91AE-703B-2795-82903D3ED035}.Release|Any CPU.Build.0 = Release|Any CPU
		{A40CC5B3-E951-4215-55A4-404B77C482D2}.Debug|Any CPU.ActiveCfg = Debug|Any CPU
		{A40CC5B3-E951-4215-55A4-404B77C482D2}.Debug|Any CPU.Build.0 = Debug|Any CPU
		{A40CC5B3-E951-4215-55A4-404B77C482D2}.Release|Any CPU.ActiveCfg = Release|Any CPU
		{A40CC5B3-E951-4215-55A4-404B77C482D2}.Release|Any CPU.Build.0 = Release|Any CPU
		{366740CA-C9AA-9320-E1EF-D8A4259DBC06}.Debug|Any CPU.ActiveCfg = Debug|Any CPU
		{366740CA-C9AA-9320-E1EF-D8A4259DBC06}.Debug|Any CPU.Build.0 = Debug|Any CPU
		{366740CA-C9AA-9320-E1EF-D8A4259DBC06}.Release|Any CPU.ActiveCfg = Release|Any CPU
		{366740CA-C9AA-9320-E1EF-D8A4259DBC06}.Release|Any CPU.Build.0 = Release|Any CPU
	EndGlobalSection
	GlobalSection(SolutionProperties) = preSolution
		HideSolutionNode = FALSE
	EndGlobalSection
EndGlobal
